
Microsoft Visual Studio Solution File, Format Version 12.00
# Visual Studio 15
VisualStudioVersion = 15.0.28010.2041
MinimumVisualStudioVersion = 10.0.40219.1
Project("{9A19103F-16F7-4668-BE54-9A1E7A4F7556}") = "StsServerIdentity", "StsServer\StsServerIdentity.csproj", "{91099BD1-376A-4148-8A97-716689E61E9A}"
EndProject
Project("{2150E333-8FDC-42A3-9474-1A3956D46DE8}") = "Solution Items", "Solution Items", "{B9E4FA17-5AF4-4EAD-AA0B-00E7F1355492}"
	ProjectSection(SolutionItems) = preProject
		readme.md = readme.md
	EndProjectSection
EndProject
Project("{FAE04EC0-301F-11D3-BF4B-00C04F79EFBC}") = "AspNetCoreOData.Service", "AspNetCoreOData.Service\AspNetCoreOData.Service.csproj", "{5BBA69B6-2920-4F94-8622-9A76ADA2047E}"
EndProject
Project("{FAE04EC0-301F-11D3-BF4B-00C04F79EFBC}") = "AspNetCoreOData.Client", "AspNetCoreOData.Client\AspNetCoreOData.Client.csproj", "{4A585FA9-5829-46BB-9526-58EB5864FCB2}"
EndProject
Global
	GlobalSection(SolutionConfigurationPlatforms) = preSolution
		Debug|Any CPU = Debug|Any CPU
		Release|Any CPU = Release|Any CPU
	EndGlobalSection
	GlobalSection(ProjectConfigurationPlatforms) = postSolution
		{91099BD1-376A-4148-8A97-716689E61E9A}.Debug|Any CPU.ActiveCfg = Debug|Any CPU
		{91099BD1-376A-4148-8A97-716689E61E9A}.Debug|Any CPU.Build.0 = Debug|Any CPU
		{91099BD1-376A-4148-8A97-716689E61E9A}.Release|Any CPU.ActiveCfg = Release|Any CPU
		{91099BD1-376A-4148-8A97-716689E61E9A}.Release|Any CPU.Build.0 = Release|Any CPU
		{5BBA69B6-2920-4F94-8622-9A76ADA2047E}.Debug|Any CPU.ActiveCfg = Debug|Any CPU
		{5BBA69B6-2920-4F94-8622-9A76ADA2047E}.Debug|Any CPU.Build.0 = Debug|Any CPU
		{5BBA69B6-2920-4F94-8622-9A76ADA2047E}.Release|Any CPU.ActiveCfg = Release|Any CPU
		{5BBA69B6-2920-4F94-8622-9A76ADA2047E}.Release|Any CPU.Build.0 = Release|Any CPU
		{4A585FA9-5829-46BB-9526-58EB5864FCB2}.Debug|Any CPU.ActiveCfg = Debug|Any CPU
		{4A585FA9-5829-46BB-9526-58EB5864FCB2}.Debug|Any CPU.Build.0 = Debug|Any CPU
		{4A585FA9-5829-46BB-9526-58EB5864FCB2}.Release|Any CPU.ActiveCfg = Release|Any CPU
		{4A585FA9-5829-46BB-9526-58EB5864FCB2}.Release|Any CPU.Build.0 = Release|Any CPU
	EndGlobalSection
	GlobalSection(SolutionProperties) = preSolution
		HideSolutionNode = FALSE
	EndGlobalSection
	GlobalSection(ExtensibilityGlobals) = postSolution
		SolutionGuid = {C0EE3429-95DB-4496-B8C1-1ED4066CD751}
	EndGlobalSection
EndGlobal
